{
  "object": {
    "pins": [
      {
        "package": "Environ",
        "repositoryURL": "https://github.com/getGuaka/Environ.git",
        "state": {
          "branch": null,
          "revision": "657ce127662f95b07c21a9377ad8f029057c39d4",
          "version": "0.2.0"
        }
      }
    ]
  },
  "version": 1
}
